
Microsoft Visual Studio Solution File, Format Version 12.00
# Visual Studio 15
VisualStudioVersion = 15.0.27130.2010
MinimumVisualStudioVersion = 10.0.40219.1
Project("{FAE04EC0-301F-11D3-BF4B-00C04F79EFBC}") = "SampleMessagingApp.Web", "SampleMessagingApp.Web\SampleMessagingApp.Web.csproj", "{DD57F21E-A5F6-42FE-8001-C567916AC76D}"
EndProject
Project("{FAE04EC0-301F-11D3-BF4B-00C04F79EFBC}") = "SampleMessagingApp.Core", "SampleMessagingApp.Core\SampleMessagingApp.Core.csproj", "{FE46F75E-E8EB-4A46-A8DC-DF3ADA7EE64E}"
EndProject
Global
	GlobalSection(SolutionConfigurationPlatforms) = preSolution
		Debug|Any CPU = Debug|Any CPU
		Release|Any CPU = Release|Any CPU
	EndGlobalSection
	GlobalSection(ProjectConfigurationPlatforms) = postSolution
		{DD57F21E-A5F6-42FE-8001-C567916AC76D}.Debug|Any CPU.ActiveCfg = Debug|Any CPU
		{DD57F21E-A5F6-42FE-8001-C567916AC76D}.Debug|Any CPU.Build.0 = Debug|Any CPU
		{DD57F21E-A5F6-42FE-8001-C567916AC76D}.Release|Any CPU.ActiveCfg = Release|Any CPU
		{DD57F21E-A5F6-42FE-8001-C567916AC76D}.Release|Any CPU.Build.0 = Release|Any CPU
		{FE46F75E-E8EB-4A46-A8DC-DF3ADA7EE64E}.Debug|Any CPU.ActiveCfg = Debug|Any CPU
		{FE46F75E-E8EB-4A46-A8DC-DF3ADA7EE64E}.Debug|Any CPU.Build.0 = Debug|Any CPU
		{FE46F75E-E8EB-4A46-A8DC-DF3ADA7EE64E}.Release|Any CPU.ActiveCfg = Release|Any CPU
		{FE46F75E-E8EB-4A46-A8DC-DF3ADA7EE64E}.Release|Any CPU.Build.0 = Release|Any CPU
	EndGlobalSection
	GlobalSection(SolutionProperties) = preSolution
		HideSolutionNode = FALSE
	EndGlobalSection
	GlobalSection(ExtensibilityGlobals) = postSolution
		SolutionGuid = {67808CC2-BF78-4B73-B446-BAA6CF9830BB}
	EndGlobalSection
EndGlobal
