
Microsoft Visual Studio Solution File, Format Version 12.00
# Visual Studio 15
VisualStudioVersion = 15.0.27130.2010
MinimumVisualStudioVersion = 10.0.40219.1
Project("{9A19103F-16F7-4668-BE54-9A1E7A4F7556}") = "SampleMessagingApp.Web", "SampleMessagingApp.Web\SampleMessagingApp.Web.csproj", "{DD57F21E-A5F6-42FE-8001-C567916AC76D}"
EndProject
Project("{9A19103F-16F7-4668-BE54-9A1E7A4F7556}") = "SampleMessagingApp.Core", "SampleMessagingApp.Core\SampleMessagingApp.Core.csproj", "{FE46F75E-E8EB-4A46-A8DC-DF3ADA7EE64E}"
EndProject
Project("{FAE04EC0-301F-11D3-BF4B-00C04F79EFBC}") = "SampleMessagingApp.Templates", "SampleMessagingApp.Templates\SampleMessagingApp.Templates.csproj", "{2B2411ED-DEE0-4DEE-AFE5-DDE661D7BD45}"
EndProject
Project("{FAE04EC0-301F-11D3-BF4B-00C04F79EFBC}") = "SampleMessagingApp.Messaging", "SampleMessagingApp.Messaging\SampleMessagingApp.Messaging.csproj", "{66805437-8C1E-4350-8586-ECD8B39520F6}"
EndProject
Project("{FAE04EC0-301F-11D3-BF4B-00C04F79EFBC}") = "SampleMessagingApp.Dashboard", "SampleMessagingApp.Dashboard\SampleMessagingApp.Dashboard.csproj", "{71829EB7-A6CC-4C85-9C93-238453E2AFBF}"
EndProject
Global
	GlobalSection(SolutionConfigurationPlatforms) = preSolution
		Debug|Any CPU = Debug|Any CPU
		Release|Any CPU = Release|Any CPU
	EndGlobalSection
	GlobalSection(ProjectConfigurationPlatforms) = postSolution
		{DD57F21E-A5F6-42FE-8001-C567916AC76D}.Debug|Any CPU.ActiveCfg = Debug|Any CPU
		{DD57F21E-A5F6-42FE-8001-C567916AC76D}.Debug|Any CPU.Build.0 = Debug|Any CPU
		{DD57F21E-A5F6-42FE-8001-C567916AC76D}.Release|Any CPU.ActiveCfg = Release|Any CPU
		{DD57F21E-A5F6-42FE-8001-C567916AC76D}.Release|Any CPU.Build.0 = Release|Any CPU
		{FE46F75E-E8EB-4A46-A8DC-DF3ADA7EE64E}.Debug|Any CPU.ActiveCfg = Debug|Any CPU
		{FE46F75E-E8EB-4A46-A8DC-DF3ADA7EE64E}.Debug|Any CPU.Build.0 = Debug|Any CPU
		{FE46F75E-E8EB-4A46-A8DC-DF3ADA7EE64E}.Release|Any CPU.ActiveCfg = Release|Any CPU
		{FE46F75E-E8EB-4A46-A8DC-DF3ADA7EE64E}.Release|Any CPU.Build.0 = Release|Any CPU
		{2B2411ED-DEE0-4DEE-AFE5-DDE661D7BD45}.Debug|Any CPU.ActiveCfg = Debug|Any CPU
		{2B2411ED-DEE0-4DEE-AFE5-DDE661D7BD45}.Debug|Any CPU.Build.0 = Debug|Any CPU
		{2B2411ED-DEE0-4DEE-AFE5-DDE661D7BD45}.Release|Any CPU.ActiveCfg = Release|Any CPU
		{2B2411ED-DEE0-4DEE-AFE5-DDE661D7BD45}.Release|Any CPU.Build.0 = Release|Any CPU
		{66805437-8C1E-4350-8586-ECD8B39520F6}.Debug|Any CPU.ActiveCfg = Debug|Any CPU
		{66805437-8C1E-4350-8586-ECD8B39520F6}.Debug|Any CPU.Build.0 = Debug|Any CPU
		{66805437-8C1E-4350-8586-ECD8B39520F6}.Release|Any CPU.ActiveCfg = Release|Any CPU
		{66805437-8C1E-4350-8586-ECD8B39520F6}.Release|Any CPU.Build.0 = Release|Any CPU
		{71829EB7-A6CC-4C85-9C93-238453E2AFBF}.Debug|Any CPU.ActiveCfg = Debug|Any CPU
		{71829EB7-A6CC-4C85-9C93-238453E2AFBF}.Debug|Any CPU.Build.0 = Debug|Any CPU
		{71829EB7-A6CC-4C85-9C93-238453E2AFBF}.Release|Any CPU.ActiveCfg = Release|Any CPU
		{71829EB7-A6CC-4C85-9C93-238453E2AFBF}.Release|Any CPU.Build.0 = Release|Any CPU
	EndGlobalSection
	GlobalSection(SolutionProperties) = preSolution
		HideSolutionNode = FALSE
	EndGlobalSection
	GlobalSection(ExtensibilityGlobals) = postSolution
		SolutionGuid = {67808CC2-BF78-4B73-B446-BAA6CF9830BB}
	EndGlobalSection
EndGlobal
